
Microsoft Visual Studio Solution File, Format Version 12.00
# Visual Studio Version 17
VisualStudioVersion = 17.3.32819.101
MinimumVisualStudioVersion = 10.0.40219.1
Project("{9A19103F-16F7-4668-BE54-9A1E7A4F7556}") = "Nhom24", "Nhom24\Nhom24.csproj", "{BA8437B4-52DF-416C-9D71-6FA06028B4DB}"
EndProject
Project("{9A19103F-16F7-4668-BE54-9A1E7A4F7556}") = "DinhQuynhTrangBTH2", "..\DinhQuynhTrangBTH2\DinhQuynhTrangBTH2\DinhQuynhTrangBTH2.csproj", "{A7292F51-0C6A-428D-9128-8D08228ABD57}"
EndProject
Global
	GlobalSection(SolutionConfigurationPlatforms) = preSolution
		Debug|Any CPU = Debug|Any CPU
		Release|Any CPU = Release|Any CPU
	EndGlobalSection
	GlobalSection(ProjectConfigurationPlatforms) = postSolution
		{BA8437B4-52DF-416C-9D71-6FA06028B4DB}.Debug|Any CPU.ActiveCfg = Debug|Any CPU
		{BA8437B4-52DF-416C-9D71-6FA06028B4DB}.Debug|Any CPU.Build.0 = Debug|Any CPU
		{BA8437B4-52DF-416C-9D71-6FA06028B4DB}.Release|Any CPU.ActiveCfg = Release|Any CPU
		{BA8437B4-52DF-416C-9D71-6FA06028B4DB}.Release|Any CPU.Build.0 = Release|Any CPU
		{A7292F51-0C6A-428D-9128-8D08228ABD57}.Debug|Any CPU.ActiveCfg = Debug|Any CPU
		{A7292F51-0C6A-428D-9128-8D08228ABD57}.Debug|Any CPU.Build.0 = Debug|Any CPU
		{A7292F51-0C6A-428D-9128-8D08228ABD57}.Release|Any CPU.ActiveCfg = Release|Any CPU
		{A7292F51-0C6A-428D-9128-8D08228ABD57}.Release|Any CPU.Build.0 = Release|Any CPU
	EndGlobalSection
	GlobalSection(SolutionProperties) = preSolution
		HideSolutionNode = FALSE
	EndGlobalSection
	GlobalSection(ExtensibilityGlobals) = postSolution
		SolutionGuid = {45933995-12ED-4739-8141-411D5EA506BA}
	EndGlobalSection
EndGlobal
